# THIS IS AN AUTOGENERATED FILE. DO NOT EDIT THIS FILE DIRECTLY.
# yarn lockfile v1


"@babel/code-frame@^7.14.5":
  version "7.14.5"
  resolved "https://registry.nlark.com/@babel/code-frame/download/@babel/code-frame-7.14.5.tgz#23b08d740e83f49c5e59945fbf1b43e80bbf4edb"
  integrity sha1-I7CNdA6D9JxeWZRfvxtD6Au/Tts=
  dependencies:
    "@babel/highlight" "^7.14.5"

"@babel/compat-data@^7.15.0":
  version "7.15.0"
  resolved "https://registry.nlark.com/@babel/compat-data/download/@babel/compat-data-7.15.0.tgz#2dbaf8b85334796cafbb0f5793a90a2fc010b176"
  integrity sha1-Lbr4uFM0eWyvuw9Xk6kKL8AQsXY=

"@babel/core@^7.14.8", "@babel/core@^7.15.5":
  version "7.15.5"
  resolved "https://registry.nlark.com/@babel/core/download/@babel/core-7.15.5.tgz#f8ed9ace730722544609f90c9bb49162dc3bf5b9"
  integrity sha1-+O2aznMHIlRGCfkMm7SRYtw79bk=
  dependencies:
    "@babel/code-frame" "^7.14.5"
    "@babel/generator" "^7.15.4"
    "@babel/helper-compilation-targets" "^7.15.4"
    "@babel/helper-module-transforms" "^7.15.4"
    "@babel/helpers" "^7.15.4"
    "@babel/parser" "^7.15.5"
    "@babel/template" "^7.15.4"
    "@babel/traverse" "^7.15.4"
    "@babel/types" "^7.15.4"
    convert-source-map "^1.7.0"
    debug "^4.1.0"
    gensync "^1.0.0-beta.2"
    json5 "^2.1.2"
    semver "^6.3.0"
    source-map "^0.5.0"

"@babel/generator@^7.15.4":
  version "7.15.4"
  resolved "https://registry.nlark.com/@babel/generator/download/@babel/generator-7.15.4.tgz?cache=0&sync_timestamp=1630618812112&other_urls=https%3A%2F%2Fregistry.nlark.com%2F%40babel%2Fgenerator%2Fdownload%2F%40babel%2Fgenerator-7.15.4.tgz#85acb159a267ca6324f9793986991ee2022a05b0"
  integrity sha1-hayxWaJnymMk+Xk5hpke4gIqBbA=
  dependencies:
    "@babel/types" "^7.15.4"
    jsesc "^2.5.1"
    source-map "^0.5.0"

"@babel/helper-annotate-as-pure@^7.14.5":
  version "7.15.4"
  resolved "https://registry.nlark.com/@babel/helper-annotate-as-pure/download/@babel/helper-annotate-as-pure-7.15.4.tgz?cache=0&sync_timestamp=1630618813039&other_urls=https%3A%2F%2Fregistry.nlark.com%2F%40babel%2Fhelper-annotate-as-pure%2Fdownload%2F%40babel%2Fhelper-annotate-as-pure-7.15.4.tgz#3d0e43b00c5e49fdb6c57e421601a7a658d5f835"
  integrity sha1-PQ5DsAxeSf22xX5CFgGnpljV+DU=
  dependencies:
    "@babel/types" "^7.15.4"

"@babel/helper-compilation-targets@^7.15.4":
  version "7.15.4"
  resolved "https://registry.nlark.com/@babel/helper-compilation-targets/download/@babel/helper-compilation-targets-7.15.4.tgz?cache=0&sync_timestamp=1630618809411&other_urls=https%3A%2F%2Fregistry.nlark.com%2F%40babel%2Fhelper-compilation-targets%2Fdownload%2F%40babel%2Fhelper-compilation-targets-7.15.4.tgz#cf6d94f30fbefc139123e27dd6b02f65aeedb7b9"
  integrity sha1-z22U8w++/BORI+J91rAvZa7tt7k=
  dependencies:
    "@babel/compat-data" "^7.15.0"
    "@babel/helper-validator-option" "^7.14.5"
    browserslist "^4.16.6"
    semver "^6.3.0"

"@babel/helper-function-name@^7.15.4":
  version "7.15.4"
  resolved "https://registry.nlark.com/@babel/helper-function-name/download/@babel/helper-function-name-7.15.4.tgz?cache=0&sync_timestamp=1630618814391&other_urls=https%3A%2F%2Fregistry.nlark.com%2F%40babel%2Fhelper-function-name%2Fdownload%2F%40babel%2Fhelper-function-name-7.15.4.tgz#845744dafc4381a4a5fb6afa6c3d36f98a787ebc"
  integrity sha1-hFdE2vxDgaSl+2r6bD02+Yp4frw=
  dependencies:
    "@babel/helper-get-function-arity" "^7.15.4"
    "@babel/template" "^7.15.4"
    "@babel/types" "^7.15.4"

"@babel/helper-get-function-arity@^7.15.4":
  version "7.15.4"
  resolved "https://registry.nlark.com/@babel/helper-get-function-arity/download/@babel/helper-get-function-arity-7.15.4.tgz?cache=0&sync_timestamp=1630618811593&other_urls=https%3A%2F%2Fregistry.nlark.com%2F%40babel%2Fhelper-get-function-arity%2Fdownload%2F%40babel%2Fhelper-get-function-arity-7.15.4.tgz#098818934a137fce78b536a3e015864be1e2879b"
  integrity sha1-CYgYk0oTf854tTaj4BWGS+Hih5s=
  dependencies:
    "@babel/types" "^7.15.4"

"@babel/helper-hoist-variables@^7.15.4":
  version "7.15.4"
  resolved "https://registry.nlark.com/@babel/helper-hoist-variables/download/@babel/helper-hoist-variables-7.15.4.tgz?cache=0&sync_timestamp=1630618812572&other_urls=https%3A%2F%2Fregistry.nlark.com%2F%40babel%2Fhelper-hoist-variables%2Fdownload%2F%40babel%2Fhelper-hoist-variables-7.15.4.tgz#09993a3259c0e918f99d104261dfdfc033f178df"
  integrity sha1-CZk6MlnA6Rj5nRBCYd/fwDPxeN8=
  dependencies:
    "@babel/types" "^7.15.4"

"@babel/helper-member-expression-to-functions@^7.15.4":
  version "7.15.4"
  resolved "https://registry.nlark.com/@babel/helper-member-expression-to-functions/download/@babel/helper-member-expression-to-functions-7.15.4.tgz?cache=0&sync_timestamp=1630618813495&other_urls=https%3A%2F%2Fregistry.nlark.com%2F%40babel%2Fhelper-member-expression-to-functions%2Fdownload%2F%40babel%2Fhelper-member-expression-to-functions-7.15.4.tgz#bfd34dc9bba9824a4658b0317ec2fd571a51e6ef"
  integrity sha1-v9NNybupgkpGWLAxfsL9VxpR5u8=
  dependencies:
    "@babel/types" "^7.15.4"

"@babel/helper-module-imports@^7.14.5", "@babel/helper-module-imports@^7.15.4":
  version "7.15.4"
  resolved "https://registry.nlark.com/@babel/helper-module-imports/download/@babel/helper-module-imports-7.15.4.tgz?cache=0&sync_timestamp=1630618812291&other_urls=https%3A%2F%2Fregistry.nlark.com%2F%40babel%2Fhelper-module-imports%2Fdownload%2F%40babel%2Fhelper-module-imports-7.15.4.tgz#e18007d230632dea19b47853b984476e7b4e103f"
  integrity sha1-4YAH0jBjLeoZtHhTuYRHbntOED8=
  dependencies:
    "@babel/types" "^7.15.4"

"@babel/helper-module-transforms@^7.15.4":
  version "7.15.7"
  resolved "https://registry.nlark.com/@babel/helper-module-transforms/download/@babel/helper-module-transforms-7.15.7.tgz?cache=0&sync_timestamp=1631920002234&other_urls=https%3A%2F%2Fregistry.nlark.com%2F%40babel%2Fhelper-module-transforms%2Fdownload%2F%40babel%2Fhelper-module-transforms-7.15.7.tgz#7da80c8cbc1f02655d83f8b79d25866afe50d226"
  integrity sha1-fagMjLwfAmVdg/i3nSWGav5Q0iY=
  dependencies:
    "@babel/helper-module-imports" "^7.15.4"
    "@babel/helper-replace-supers" "^7.15.4"
    "@babel/helper-simple-access" "^7.15.4"
    "@babel/helper-split-export-declaration" "^7.15.4"
    "@babel/helper-validator-identifier" "^7.15.7"
    "@babel/template" "^7.15.4"
    "@babel/traverse" "^7.15.4"
    "@babel/types" "^7.15.6"

"@babel/helper-optimise-call-expression@^7.15.4":
  version "7.15.4"
  resolved "https://registry.nlark.com/@babel/helper-optimise-call-expression/download/@babel/helper-optimise-call-expression-7.15.4.tgz?cache=0&sync_timestamp=1630618812766&other_urls=https%3A%2F%2Fregistry.nlark.com%2F%40babel%2Fhelper-optimise-call-expression%2Fdownload%2F%40babel%2Fhelper-optimise-call-expression-7.15.4.tgz#f310a5121a3b9cc52d9ab19122bd729822dee171"
  integrity sha1-8xClEho7nMUtmrGRIr1ymCLe4XE=
  dependencies:
    "@babel/types" "^7.15.4"

"@babel/helper-plugin-utils@^7.14.5":
  version "7.14.5"
  resolved "https://registry.nlark.com/@babel/helper-plugin-utils/download/@babel/helper-plugin-utils-7.14.5.tgz#5ac822ce97eec46741ab70a517971e443a70c5a9"
  integrity sha1-WsgizpfuxGdBq3ClF5ceRDpwxak=

"@babel/helper-replace-supers@^7.15.4":
  version "7.15.4"
  resolved "https://registry.nlark.com/@babel/helper-replace-supers/download/@babel/helper-replace-supers-7.15.4.tgz?cache=0&sync_timestamp=1630618814840&other_urls=https%3A%2F%2Fregistry.nlark.com%2F%40babel%2Fhelper-replace-supers%2Fdownload%2F%40babel%2Fhelper-replace-supers-7.15.4.tgz#52a8ab26ba918c7f6dee28628b07071ac7b7347a"
  integrity sha1-UqirJrqRjH9t7ihiiwcHGse3NHo=
  dependencies:
    "@babel/helper-member-expression-to-functions" "^7.15.4"
    "@babel/helper-optimise-call-expression" "^7.15.4"
    "@babel/traverse" "^7.15.4"
    "@babel/types" "^7.15.4"

"@babel/helper-simple-access@^7.15.4":
  version "7.15.4"
  resolved "https://registry.nlark.com/@babel/helper-simple-access/download/@babel/helper-simple-access-7.15.4.tgz?cache=0&sync_timestamp=1630618813217&other_urls=https%3A%2F%2Fregistry.nlark.com%2F%40babel%2Fhelper-simple-access%2Fdownload%2F%40babel%2Fhelper-simple-access-7.15.4.tgz#ac368905abf1de8e9781434b635d8f8674bcc13b"
  integrity sha1-rDaJBavx3o6XgUNLY12PhnS8wTs=
  dependencies:
    "@babel/types" "^7.15.4"

"@babel/helper-split-export-declaration@^7.15.4":
  version "7.15.4"
  resolved "https://registry.nlark.com/@babel/helper-split-export-declaration/download/@babel/helper-split-export-declaration-7.15.4.tgz?cache=0&sync_timestamp=1630618813944&other_urls=https%3A%2F%2Fregistry.nlark.com%2F%40babel%2Fhelper-split-export-declaration%2Fdownload%2F%40babel%2Fhelper-split-export-declaration-7.15.4.tgz#aecab92dcdbef6a10aa3b62ab204b085f776e257"
  integrity sha1-rsq5Lc2+9qEKo7YqsgSwhfd24lc=
  dependencies:
    "@babel/types" "^7.15.4"

"@babel/helper-validator-identifier@^7.14.5", "@babel/helper-validator-identifier@^7.14.9", "@babel/helper-validator-identifier@^7.15.7":
  version "7.15.7"
  resolved "https://registry.nlark.com/@babel/helper-validator-identifier/download/@babel/helper-validator-identifier-7.15.7.tgz#220df993bfe904a4a6b02ab4f3385a5ebf6e2389"
  integrity sha1-Ig35k7/pBKSmsCq08zhaXr9uI4k=

"@babel/helper-validator-option@^7.14.5":
  version "7.14.5"
  resolved "https://registry.nlark.com/@babel/helper-validator-option/download/@babel/helper-validator-option-7.14.5.tgz#6e72a1fff18d5dfcb878e1e62f1a021c4b72d5a3"
  integrity sha1-bnKh//GNXfy4eOHmLxoCHEty1aM=

"@babel/helpers@^7.15.4":
  version "7.15.4"
  resolved "https://registry.nlark.com/@babel/helpers/download/@babel/helpers-7.15.4.tgz?cache=0&sync_timestamp=1630618815077&other_urls=https%3A%2F%2Fregistry.nlark.com%2F%40babel%2Fhelpers%2Fdownload%2F%40babel%2Fhelpers-7.15.4.tgz#5f40f02050a3027121a3cf48d497c05c555eaf43"
  integrity sha1-X0DwIFCjAnEho89I1JfAXFVer0M=
  dependencies:
    "@babel/template" "^7.15.4"
    "@babel/traverse" "^7.15.4"
    "@babel/types" "^7.15.4"

"@babel/highlight@^7.14.5":
  version "7.14.5"
  resolved "https://registry.nlark.com/@babel/highlight/download/@babel/highlight-7.14.5.tgz#6861a52f03966405001f6aa534a01a24d99e8cd9"
  integrity sha1-aGGlLwOWZAUAH2qlNKAaJNmejNk=
  dependencies:
    "@babel/helper-validator-identifier" "^7.14.5"
    chalk "^2.0.0"
    js-tokens "^4.0.0"

"@babel/parser@^7.15.4", "@babel/parser@^7.15.5":
  version "7.15.7"
  resolved "https://registry.nlark.com/@babel/parser/download/@babel/parser-7.15.7.tgz#0c3ed4a2eb07b165dfa85b3cc45c727334c4edae"
  integrity sha1-DD7UousHsWXfqFs8xFxyczTE7a4=

"@babel/plugin-syntax-jsx@^7.14.5":
  version "7.14.5"
  resolved "https://registry.nlark.com/@babel/plugin-syntax-jsx/download/@babel/plugin-syntax-jsx-7.14.5.tgz#000e2e25d8673cce49300517a3eda44c263e4201"
  integrity sha1-AA4uJdhnPM5JMAUXo+2kTCY+QgE=
  dependencies:
    "@babel/helper-plugin-utils" "^7.14.5"

"@babel/plugin-transform-react-jsx-development@^7.14.5":
  version "7.14.5"
  resolved "https://registry.nlark.com/@babel/plugin-transform-react-jsx-development/download/@babel/plugin-transform-react-jsx-development-7.14.5.tgz#1a6c73e2f7ed2c42eebc3d2ad60b0c7494fcb9af"
  integrity sha1-Gmxz4vftLELuvD0q1gsMdJT8ua8=
  dependencies:
    "@babel/plugin-transform-react-jsx" "^7.14.5"

"@babel/plugin-transform-react-jsx-self@^7.14.5", "@babel/plugin-transform-react-jsx-self@^7.14.9":
  version "7.14.9"
  resolved "https://registry.nlark.com/@babel/plugin-transform-react-jsx-self/download/@babel/plugin-transform-react-jsx-self-7.14.9.tgz?cache=0&sync_timestamp=1627804436165&other_urls=https%3A%2F%2Fregistry.nlark.com%2F%40babel%2Fplugin-transform-react-jsx-self%2Fdownload%2F%40babel%2Fplugin-transform-react-jsx-self-7.14.9.tgz#33041e665453391eb6ee54a2ecf3ba1d46bd30f4"
  integrity sha1-MwQeZlRTOR627lSi7PO6HUa9MPQ=
  dependencies:
    "@babel/helper-plugin-utils" "^7.14.5"

"@babel/plugin-transform-react-jsx-source@^7.14.5":
  version "7.14.5"
  resolved "https://registry.nlark.com/@babel/plugin-transform-react-jsx-source/download/@babel/plugin-transform-react-jsx-source-7.14.5.tgz#79f728e60e6dbd31a2b860b0bf6c9765918acf1d"
  integrity sha1-efco5g5tvTGiuGCwv2yXZZGKzx0=
  dependencies:
    "@babel/helper-plugin-utils" "^7.14.5"

"@babel/plugin-transform-react-jsx@^7.14.5", "@babel/plugin-transform-react-jsx@^7.14.9":
  version "7.14.9"
  resolved "https://registry.nlark.com/@babel/plugin-transform-react-jsx/download/@babel/plugin-transform-react-jsx-7.14.9.tgz?cache=0&sync_timestamp=1627805591171&other_urls=https%3A%2F%2Fregistry.nlark.com%2F%40babel%2Fplugin-transform-react-jsx%2Fdownload%2F%40babel%2Fplugin-transform-react-jsx-7.14.9.tgz#3314b2163033abac5200a869c4de242cd50a914c"
  integrity sha1-MxSyFjAzq6xSAKhpxN4kLNUKkUw=
  dependencies:
    "@babel/helper-annotate-as-pure" "^7.14.5"
    "@babel/helper-module-imports" "^7.14.5"
    "@babel/helper-plugin-utils" "^7.14.5"
    "@babel/plugin-syntax-jsx" "^7.14.5"
    "@babel/types" "^7.14.9"

"@babel/runtime@^7.5.5", "@babel/runtime@^7.8.7":
  version "7.12.5"
  resolved "https://registry.npm.taobao.org/@babel/runtime/download/@babel/runtime-7.12.5.tgz?cache=0&sync_timestamp=1604441085826&other_urls=https%3A%2F%2Fregistry.npm.taobao.org%2F%40babel%2Fruntime%2Fdownload%2F%40babel%2Fruntime-7.12.5.tgz#410e7e487441e1b360c29be715d870d9b985882e"
  integrity sha1-QQ5+SHRB4bNgwpvnFdhw2bmFiC4=
  dependencies:
    regenerator-runtime "^0.13.4"

"@babel/template@^7.15.4":
  version "7.15.4"
  resolved "https://registry.nlark.com/@babel/template/download/@babel/template-7.15.4.tgz?cache=0&sync_timestamp=1630618813723&other_urls=https%3A%2F%2Fregistry.nlark.com%2F%40babel%2Ftemplate%2Fdownload%2F%40babel%2Ftemplate-7.15.4.tgz#51898d35dcf3faa670c4ee6afcfd517ee139f194"
  integrity sha1-UYmNNdzz+qZwxO5q/P1RfuE58ZQ=
  dependencies:
    "@babel/code-frame" "^7.14.5"
    "@babel/parser" "^7.15.4"
    "@babel/types" "^7.15.4"

"@babel/traverse@^7.15.4":
  version "7.15.4"
  resolved "https://registry.nlark.com/@babel/traverse/download/@babel/traverse-7.15.4.tgz?cache=0&sync_timestamp=1630618814685&other_urls=https%3A%2F%2Fregistry.nlark.com%2F%40babel%2Ftraverse%2Fdownload%2F%40babel%2Ftraverse-7.15.4.tgz#ff8510367a144bfbff552d9e18e28f3e2889c22d"
  integrity sha1-/4UQNnoUS/v/VS2eGOKPPiiJwi0=
  dependencies:
    "@babel/code-frame" "^7.14.5"
    "@babel/generator" "^7.15.4"
    "@babel/helper-function-name" "^7.15.4"
    "@babel/helper-hoist-variables" "^7.15.4"
    "@babel/helper-split-export-declaration" "^7.15.4"
    "@babel/parser" "^7.15.4"
    "@babel/types" "^7.15.4"
    debug "^4.1.0"
    globals "^11.1.0"

"@babel/types@^7.14.9", "@babel/types@^7.15.4", "@babel/types@^7.15.6":
  version "7.15.6"
  resolved "https://registry.nlark.com/@babel/types/download/@babel/types-7.15.6.tgz#99abdc48218b2881c058dd0a7ab05b99c9be758f"
  integrity sha1-mavcSCGLKIHAWN0KerBbmcm+dY8=
  dependencies:
    "@babel/helper-validator-identifier" "^7.14.9"
    to-fast-properties "^2.0.0"

"@rollup/pluginutils@^4.1.1":
  version "4.1.1"
  resolved "https://registry.nlark.com/@rollup/pluginutils/download/@rollup/pluginutils-4.1.1.tgz#1d4da86dd4eded15656a57d933fda2b9a08d47ec"
  integrity sha1-HU2obdTt7RVlalfZM/2iuaCNR+w=
  dependencies:
    estree-walker "^2.0.1"
    picomatch "^2.2.2"

"@types/node@^16.10.1":
  version "16.10.1"
  resolved "https://registry.npmmirror.com/@types/node/download/@types/node-16.10.1.tgz?cache=0&other_urls=https%3A%2F%2Fregistry.npmmirror.com%2F%40types%2Fnode%2Fdownload%2F%40types%2Fnode-16.10.1.tgz#f3647623199ca920960006b3dccf633ea905f243"
  integrity sha1-82R2IxmcqSCWAAaz3M9jPqkF8kM=

"@types/prop-types@*":
  version "15.7.3"
  resolved "https://registry.npm.taobao.org/@types/prop-types/download/@types/prop-types-15.7.3.tgz#2ab0d5da2e5815f94b0b9d4b95d1e5f243ab2ca7"
  integrity sha1-KrDV2i5YFflLC51LldHl8kOrLKc=

"@types/react-dom@^17.0.0":
  version "17.0.9"
  resolved "https://registry.nlark.com/@types/react-dom/download/@types/react-dom-17.0.9.tgz#441a981da9d7be117042e1a6fd3dac4b30f55add"
  integrity sha1-RBqYHanXvhFwQuGm/T2sSzD1Wt0=
  dependencies:
    "@types/react" "*"

"@types/react@*":
  version "17.0.0"
  resolved "https://registry.npm.taobao.org/@types/react/download/@types/react-17.0.0.tgz#5af3eb7fad2807092f0046a1302b7823e27919b8"
  integrity sha1-WvPrf60oBwkvAEahMCt4I+J5Gbg=
  dependencies:
    "@types/prop-types" "*"
    csstype "^3.0.2"

"@types/react@^17.0.0":
  version "17.0.24"
  resolved "https://registry.nlark.com/@types/react/download/@types/react-17.0.24.tgz?cache=0&sync_timestamp=1632249378111&other_urls=https%3A%2F%2Fregistry.nlark.com%2F%40types%2Freact%2Fdownload%2F%40types%2Freact-17.0.24.tgz#7e1b3f78d0fc53782543f9bce6d949959a5880bd"
  integrity sha1-fhs/eND8U3glQ/m85tlJlZpYgL0=
  dependencies:
    "@types/prop-types" "*"
    "@types/scheduler" "*"
    csstype "^3.0.2"

"@types/scheduler@*":
  version "0.16.2"
  resolved "https://registry.nlark.com/@types/scheduler/download/@types/scheduler-0.16.2.tgz#1a62f89525723dde24ba1b01b092bf5df8ad4d39"
  integrity sha1-GmL4lSVyPd4kuhsBsJK/XfitTTk=

"@types/sortablejs@~1.10.6":
  version "1.10.6"
  resolved "https://registry.npm.taobao.org/@types/sortablejs/download/@types/sortablejs-1.10.6.tgz#98725ae08f1dfe28b8da0fdf302c417f5ff043c0"
  integrity sha1-mHJa4I8d/ii42g/fMCxBf1/wQ8A=

"@vitejs/plugin-react-refresh@^1.3.6":
  version "1.3.6"
  resolved "https://registry.nlark.com/@vitejs/plugin-react-refresh/download/@vitejs/plugin-react-refresh-1.3.6.tgz#19818392db01e81746cfeb04e096ab3010e79fe3"
  integrity sha1-GYGDktsB6BdGz+sE4JarMBDnn+M=
  dependencies:
    "@babel/core" "^7.14.8"
    "@babel/plugin-transform-react-jsx-self" "^7.14.5"
    "@babel/plugin-transform-react-jsx-source" "^7.14.5"
    "@rollup/pluginutils" "^4.1.1"
    react-refresh "^0.10.0"

"@vitejs/plugin-react@^1.0.0":
  version "1.0.1"
  resolved "https://registry.npmmirror.com/@vitejs/plugin-react/download/@vitejs/plugin-react-1.0.1.tgz#3cd13da4abcbbfa7b1b57aeaee6b34ae1bc17821"
  integrity sha1-PNE9pKvLv6extXrq7ms0rhvBeCE=
  dependencies:
    "@babel/core" "^7.15.5"
    "@babel/plugin-transform-react-jsx" "^7.14.9"
    "@babel/plugin-transform-react-jsx-development" "^7.14.5"
    "@babel/plugin-transform-react-jsx-self" "^7.14.9"
    "@babel/plugin-transform-react-jsx-source" "^7.14.5"
    "@rollup/pluginutils" "^4.1.1"
    react-refresh "^0.10.0"
    resolve "^1.20.0"

ansi-styles@^3.2.1:
  version "3.2.1"
  resolved "https://registry.npm.taobao.org/ansi-styles/download/ansi-styles-3.2.1.tgz?cache=0&sync_timestamp=1606792255762&other_urls=https%3A%2F%2Fregistry.npm.taobao.org%2Fansi-styles%2Fdownload%2Fansi-styles-3.2.1.tgz#41fbb20243e50b12be0f04b8dedbf07520ce841d"
  integrity sha1-QfuyAkPlCxK+DwS43tvwdSDOhB0=
  dependencies:
    color-convert "^1.9.0"

babel-runtime@^6.26.0:
  version "6.26.0"
  resolved "https://registry.npm.taobao.org/babel-runtime/download/babel-runtime-6.26.0.tgz#965c7058668e82b55d7bfe04ff2337bc8b5647fe"
  integrity sha1-llxwWGaOgrVde/4E/yM3vItWR/4=
  dependencies:
    core-js "^2.4.0"
    regenerator-runtime "^0.11.0"

big.js@^6.1.1:
  version "6.1.1"
  resolved "https://registry.nlark.com/big.js/download/big.js-6.1.1.tgz?cache=0&sync_timestamp=1620132748267&other_urls=https%3A%2F%2Fregistry.nlark.com%2Fbig.js%2Fdownload%2Fbig.js-6.1.1.tgz#63b35b19dc9775c94991ee5db7694880655d5537"
  integrity sha1-Y7NbGdyXdclJke5dt2lIgGVdVTc=

browserslist@^4.16.6:
  version "4.17.1"
  resolved "https://registry.nlark.com/browserslist/download/browserslist-4.17.1.tgz?cache=0&sync_timestamp=1632288355427&other_urls=https%3A%2F%2Fregistry.nlark.com%2Fbrowserslist%2Fdownload%2Fbrowserslist-4.17.1.tgz#a98d104f54af441290b7d592626dd541fa642eb9"
  integrity sha1-qY0QT1SvRBKQt9WSYm3VQfpkLrk=
  dependencies:
    caniuse-lite "^1.0.30001259"
    electron-to-chromium "^1.3.846"
    escalade "^3.1.1"
    nanocolors "^0.1.5"
    node-releases "^1.1.76"

caniuse-lite@^1.0.30001259:
  version "1.0.30001261"
  resolved "https://registry.npmmirror.com/caniuse-lite/download/caniuse-lite-1.0.30001261.tgz#96d89813c076ea061209a4e040d8dcf0c66a1d01"
  integrity sha1-ltiYE8B26gYSCaTgQNjc8MZqHQE=

chalk@^2.0.0:
  version "2.4.2"
  resolved "https://registry.npm.taobao.org/chalk/download/chalk-2.4.2.tgz?cache=0&sync_timestamp=1594334924907&other_urls=https%3A%2F%2Fregistry.npm.taobao.org%2Fchalk%2Fdownload%2Fchalk-2.4.2.tgz#cd42541677a54333cf541a49108c1432b44c9424"
  integrity sha1-zUJUFnelQzPPVBpJEIwUMrRMlCQ=
  dependencies:
    ansi-styles "^3.2.1"
    escape-string-regexp "^1.0.5"
    supports-color "^5.3.0"

classnames@^2.2.6:
  version "2.2.6"
  resolved "https://registry.npm.taobao.org/classnames/download/classnames-2.2.6.tgz#43935bffdd291f326dad0a205309b38d00f650ce"
  integrity sha1-Q5Nb/90pHzJtrQogUwmzjQD2UM4=

color-convert@^1.9.0:
  version "1.9.3"
  resolved "https://registry.npm.taobao.org/color-convert/download/color-convert-1.9.3.tgz#bb71850690e1f136567de629d2d5471deda4c1e8"
  integrity sha1-u3GFBpDh8TZWfeYp0tVHHe2kweg=
  dependencies:
    color-name "1.1.3"

color-name@1.1.3:
  version "1.1.3"
  resolved "https://registry.npm.taobao.org/color-name/download/color-name-1.1.3.tgz#a7d0558bd89c42f795dd42328f740831ca53bc25"
  integrity sha1-p9BVi9icQveV3UIyj3QIMcpTvCU=

convert-source-map@^1.7.0:
  version "1.7.0"
  resolved "https://registry.npm.taobao.org/convert-source-map/download/convert-source-map-1.7.0.tgz#17a2cb882d7f77d3490585e2ce6c524424a3a442"
  integrity sha1-F6LLiC1/d9NJBYXizmxSRCSjpEI=
  dependencies:
    safe-buffer "~5.1.1"

core-js@^2.4.0:
  version "2.6.12"
  resolved "https://registry.npm.taobao.org/core-js/download/core-js-2.6.12.tgz?cache=0&sync_timestamp=1609682080903&other_urls=https%3A%2F%2Fregistry.npm.taobao.org%2Fcore-js%2Fdownload%2Fcore-js-2.6.12.tgz#d9333dfa7b065e347cc5682219d6f690859cc2ec"
  integrity sha1-2TM9+nsGXjR8xWgiGdb2kIWcwuw=

csstype@^3.0.2:
  version "3.0.5"
  resolved "https://registry.npm.taobao.org/csstype/download/csstype-3.0.5.tgz#7fdec6a28a67ae18647c51668a9ff95bb2fa7bb8"
  integrity sha1-f97GoopnrhhkfFFmip/5W7L6e7g=

date-fns@^2.7.0:
  version "2.16.1"
  resolved "https://registry.npm.taobao.org/date-fns/download/date-fns-2.16.1.tgz#05775792c3f3331da812af253e1a935851d3834b"
  integrity sha1-BXdXksPzMx2oEq8lPhqTWFHTg0s=

debug@^4.1.0:
  version "4.3.1"
  resolved "https://registry.npm.taobao.org/debug/download/debug-4.3.1.tgz?cache=0&sync_timestamp=1607566551397&other_urls=https%3A%2F%2Fregistry.npm.taobao.org%2Fdebug%2Fdownload%2Fdebug-4.3.1.tgz#f0d229c505e0c6d8c49ac553d1b13dc183f6b2ee"
  integrity sha1-8NIpxQXgxtjEmsVT0bE9wYP2su4=
  dependencies:
    ms "2.1.2"

dom-helpers@^5.0.1:
  version "5.2.0"
  resolved "https://registry.npm.taobao.org/dom-helpers/download/dom-helpers-5.2.0.tgz?cache=0&sync_timestamp=1596411957116&other_urls=https%3A%2F%2Fregistry.npm.taobao.org%2Fdom-helpers%2Fdownload%2Fdom-helpers-5.2.0.tgz#57fd054c5f8f34c52a3eeffdb7e7e93cd357d95b"
  integrity sha1-V/0FTF+PNMUqPu/9t+fpPNNX2Vs=
  dependencies:
    "@babel/runtime" "^7.8.7"
    csstype "^3.0.2"

electron-to-chromium@^1.3.846:
  version "1.3.851"
  resolved "https://registry.npmmirror.com/electron-to-chromium/download/electron-to-chromium-1.3.851.tgz#457846fce94d5de25511570435a94f1a622203ac"
  integrity sha1-RXhG/OlNXeJVEVcENalPGmIiA6w=

esbuild@^0.12.17:
  version "0.12.29"
  resolved "https://registry.npmmirror.com/esbuild/download/esbuild-0.12.29.tgz?cache=0&sync_timestamp=1632403925856&other_urls=https%3A%2F%2Fregistry.npmmirror.com%2Fesbuild%2Fdownload%2Fesbuild-0.12.29.tgz#be602db7c4dc78944a9dbde0d1ea19d36c1f882d"
  integrity sha1-vmAtt8TceJRKnb3g0eoZ02wfiC0=

escalade@^3.1.1:
  version "3.1.1"
  resolved "https://registry.npm.taobao.org/escalade/download/escalade-3.1.1.tgz?cache=0&sync_timestamp=1602567261690&other_urls=https%3A%2F%2Fregistry.npm.taobao.org%2Fescalade%2Fdownload%2Fescalade-3.1.1.tgz#d8cfdc7000965c5a0174b4a82eaa5c0552742e40"
  integrity sha1-2M/ccACWXFoBdLSoLqpcBVJ0LkA=

escape-string-regexp@^1.0.5:
  version "1.0.5"
  resolved "https://registry.npm.taobao.org/escape-string-regexp/download/escape-string-regexp-1.0.5.tgz#1b61c0562190a8dff6ae3bb2cf0200ca130b86d4"
  integrity sha1-G2HAViGQqN/2rjuyzwIAyhMLhtQ=

estree-walker@^2.0.1:
  version "2.0.2"
  resolved "https://registry.nlark.com/estree-walker/download/estree-walker-2.0.2.tgz#52f010178c2a4c117a7757cfe942adb7d2da4cac"
  integrity sha1-UvAQF4wqTBF6d1fP6UKtt9LaTKw=

fsevents@~2.3.2:
  version "2.3.2"
  resolved "https://registry.npm.taobao.org/fsevents/download/fsevents-2.3.2.tgz?cache=0&sync_timestamp=1612536409579&other_urls=https%3A%2F%2Fregistry.npm.taobao.org%2Ffsevents%2Fdownload%2Ffsevents-2.3.2.tgz#8a526f78b8fdf4623b709e0b975c52c24c02fd1a"
  integrity sha1-ilJveLj99GI7cJ4Ll1xSwkwC/Ro=

function-bind@^1.1.1:
  version "1.1.1"
  resolved "https://registry.npm.taobao.org/function-bind/download/function-bind-1.1.1.tgz#a56899d3ea3c9bab874bb9773b7c5ede92f4895d"
  integrity sha1-pWiZ0+o8m6uHS7l3O3xe3pL0iV0=

gensync@^1.0.0-beta.2:
  version "1.0.0-beta.2"
  resolved "https://registry.nlark.com/gensync/download/gensync-1.0.0-beta.2.tgz#32a6ee76c3d7f52d46b2b1ae5d93fea8580a25e0"
  integrity sha1-MqbudsPX9S1GsrGuXZP+qFgKJeA=

globals@^11.1.0:
  version "11.12.0"
  resolved "https://registry.npm.taobao.org/globals/download/globals-11.12.0.tgz?cache=0&sync_timestamp=1608438470894&other_urls=https%3A%2F%2Fregistry.npm.taobao.org%2Fglobals%2Fdownload%2Fglobals-11.12.0.tgz#ab8795338868a0babd8525758018c2a7eb95c42e"
  integrity sha1-q4eVM4hooLq9hSV1gBjCp+uVxC4=

has-flag@^3.0.0:
  version "3.0.0"
  resolved "https://registry.npm.taobao.org/has-flag/download/has-flag-3.0.0.tgz#b5d454dc2199ae225699f3467e5a07f3b955bafd"
  integrity sha1-tdRU3CGZriJWmfNGfloH87lVuv0=

has@^1.0.3:
  version "1.0.3"
  resolved "https://registry.npm.taobao.org/has/download/has-1.0.3.tgz#722d7cbfc1f6aa8241f16dd814e011e1f41e8796"
  integrity sha1-ci18v8H2qoJB8W3YFOAR4fQeh5Y=
  dependencies:
    function-bind "^1.1.1"

is-core-module@^2.2.0:
  version "2.7.0"
  resolved "https://registry.npmmirror.com/is-core-module/download/is-core-module-2.7.0.tgz#3c0ef7d31b4acfc574f80c58409d568a836848e3"
  integrity sha1-PA730xtKz8V0+AxYQJ1WioNoSOM=
  dependencies:
    has "^1.0.3"

"js-tokens@^3.0.0 || ^4.0.0", js-tokens@^4.0.0:
  version "4.0.0"
  resolved "https://registry.npm.taobao.org/js-tokens/download/js-tokens-4.0.0.tgz#19203fb59991df98e3a287050d4647cdeaf32499"
  integrity sha1-GSA/tZmR35jjoocFDUZHzerzJJk=

jsesc@^2.5.1:
  version "2.5.2"
  resolved "https://registry.npm.taobao.org/jsesc/download/jsesc-2.5.2.tgz?cache=0&sync_timestamp=1603891242793&other_urls=https%3A%2F%2Fregistry.npm.taobao.org%2Fjsesc%2Fdownload%2Fjsesc-2.5.2.tgz#80564d2e483dacf6e8ef209650a67df3f0c283a4"
  integrity sha1-gFZNLkg9rPbo7yCWUKZ98/DCg6Q=

json5@^2.1.2:
  version "2.1.3"
  resolved "https://registry.npm.taobao.org/json5/download/json5-2.1.3.tgz#c9b0f7fa9233bfe5807fe66fcf3a5617ed597d43"
  integrity sha1-ybD3+pIzv+WAf+ZvzzpWF+1ZfUM=
  dependencies:
    minimist "^1.2.5"

loose-envify@^1.0.0, loose-envify@^1.1.0, loose-envify@^1.4.0:
  version "1.4.0"
  resolved "https://registry.npm.taobao.org/loose-envify/download/loose-envify-1.4.0.tgz#71ee51fa7be4caec1a63839f7e682d8132d30caf"
  integrity sha1-ce5R+nvkyuwaY4OffmgtgTLTDK8=
  dependencies:
    js-tokens "^3.0.0 || ^4.0.0"

minimist@^1.2.5:
  version "1.2.5"
  resolved "https://registry.npm.taobao.org/minimist/download/minimist-1.2.5.tgz#67d66014b66a6a8aaa0c083c5fd58df4e4e97602"
  integrity sha1-Z9ZgFLZqaoqqDAg8X9WN9OTpdgI=

ms@2.1.2:
  version "2.1.2"
  resolved "https://registry.npm.taobao.org/ms/download/ms-2.1.2.tgz?cache=0&sync_timestamp=1607433856030&other_urls=https%3A%2F%2Fregistry.npm.taobao.org%2Fms%2Fdownload%2Fms-2.1.2.tgz#d09d1f357b443f493382a8eb3ccd183872ae6009"
  integrity sha1-0J0fNXtEP0kzgqjrPM0YOHKuYAk=

nanocolors@^0.1.5:
  version "0.1.12"
  resolved "https://registry.npmmirror.com/nanocolors/download/nanocolors-0.1.12.tgz#8577482c58cbd7b5bb1681db4cf48f11a87fd5f6"
  integrity sha1-hXdILFjL17W7FoHbTPSPEah/1fY=

nanocolors@^0.2.2:
  version "0.2.11"
  resolved "https://registry.npmmirror.com/nanocolors/download/nanocolors-0.2.11.tgz#f2573e6872f1b70067423fc68bbc9d0de2f3bbee"
  integrity sha1-8lc+aHLxtwBnQj/Gi7ydDeLzu+4=

nanoid@^3.1.25:
  version "3.1.28"
  resolved "https://registry.npmmirror.com/nanoid/download/nanoid-3.1.28.tgz?cache=0&sync_timestamp=1632645277090&other_urls=https%3A%2F%2Fregistry.npmmirror.com%2Fnanoid%2Fdownload%2Fnanoid-3.1.28.tgz#3c01bac14cb6c5680569014cc65a2f26424c6bd4"
  integrity sha1-PAG6wUy2xWgFaQFMxlovJkJMa9Q=

node-releases@^1.1.76:
  version "1.1.76"
  resolved "https://registry.nlark.com/node-releases/download/node-releases-1.1.76.tgz?cache=0&other_urls=https%3A%2F%2Fregistry.nlark.com%2Fnode-releases%2Fdownload%2Fnode-releases-1.1.76.tgz#df245b062b0cafbd5282ab6792f7dccc2d97f36e"
  integrity sha1-3yRbBisMr71SgqtnkvfczC2X824=

object-assign@^4.1.1:
  version "4.1.1"
  resolved "https://registry.npm.taobao.org/object-assign/download/object-assign-4.1.1.tgz?cache=0&sync_timestamp=1602657128410&other_urls=https%3A%2F%2Fregistry.npm.taobao.org%2Fobject-assign%2Fdownload%2Fobject-assign-4.1.1.tgz#2109adc7965887cfc05cbbd442cac8bfbb360863"
  integrity sha1-IQmtx5ZYh8/AXLvUQsrIv7s2CGM=

observable-hooks@^4.1.0:
  version "4.2.1"
  resolved "https://registry.npmmirror.com/observable-hooks/-/observable-hooks-4.2.1.tgz#67b676c81e8317fd92d93390dcb291f312fe9ecc"
  integrity sha512-urZ0D28+oH+SRLQoCDd68rvvJIqK3zgH/Is0nubXDc+CF6d8rbDBN7A2n9mPAax7BtCRlwtnCBnkj8UwXRDf1Q==

path-parse@^1.0.6:
  version "1.0.6"
  resolved "https://registry.npm.taobao.org/path-parse/download/path-parse-1.0.6.tgz#d62dbb5679405d72c4737ec58600e9ddcf06d24c"
  integrity sha1-1i27VnlAXXLEc37FhgDp3c8G0kw=

picomatch@^2.2.2:
  version "2.2.2"
  resolved "https://registry.npm.taobao.org/picomatch/download/picomatch-2.2.2.tgz#21f333e9b6b8eaff02468f5146ea406d345f4dad"
  integrity sha1-IfMz6ba46v8CRo9RRupAbTRfTa0=

postcss@^8.3.6:
  version "8.3.8"
  resolved "https://registry.npmmirror.com/postcss/download/postcss-8.3.8.tgz?cache=0&sync_timestamp=1632555261973&other_urls=https%3A%2F%2Fregistry.npmmirror.com%2Fpostcss%2Fdownload%2Fpostcss-8.3.8.tgz#9ebe2a127396b4b4570ae9f7770e7fb83db2bac1"
  integrity sha1-nr4qEnOWtLRXCun3dw5/uD2yusE=
  dependencies:
    nanocolors "^0.2.2"
    nanoid "^3.1.25"
    source-map-js "^0.6.2"

prop-types@^15.6.2, prop-types@^15.7.2:
  version "15.7.2"
  resolved "https://registry.npm.taobao.org/prop-types/download/prop-types-15.7.2.tgz#52c41e75b8c87e72b9d9360e0206b99dcbffa6c5"
  integrity sha1-UsQedbjIfnK52TYOAga5ncv/psU=
  dependencies:
    loose-envify "^1.4.0"
    object-assign "^4.1.1"
    react-is "^16.8.1"

react-dom@^17.0.0:
  version "17.0.2"
  resolved "https://registry.npmmirror.com/react-dom/download/react-dom-17.0.2.tgz?cache=0&sync_timestamp=1632759406035&other_urls=https%3A%2F%2Fregistry.npmmirror.com%2Freact-dom%2Fdownload%2Freact-dom-17.0.2.tgz#ecffb6845e3ad8dbfcdc498f0d0a939736502c23"
  integrity sha1-7P+2hF462Nv83EmPDQqTlzZQLCM=
  dependencies:
    loose-envify "^1.1.0"
    object-assign "^4.1.1"
    scheduler "^0.20.2"

react-is@^16.8.1:
  version "16.13.1"
  resolved "https://registry.npm.taobao.org/react-is/download/react-is-16.13.1.tgz?cache=0&sync_timestamp=1608327624270&other_urls=https%3A%2F%2Fregistry.npm.taobao.org%2Freact-is%2Fdownload%2Freact-is-16.13.1.tgz#789729a4dc36de2999dc156dd6c1d9c18cea56a4"
  integrity sha1-eJcppNw23imZ3BVt1sHZwYzqVqQ=

react-is@^17.0.1:
  version "17.0.1"
  resolved "https://registry.npm.taobao.org/react-is/download/react-is-17.0.1.tgz?cache=0&sync_timestamp=1608327624270&other_urls=https%3A%2F%2Fregistry.npm.taobao.org%2Freact-is%2Fdownload%2Freact-is-17.0.1.tgz#5b3531bd76a645a4c9fb6e693ed36419e3301339"
  integrity sha1-WzUxvXamRaTJ+25pPtNkGeMwEzk=

react-refresh@^0.10.0:
  version "0.10.0"
  resolved "https://registry.npmmirror.com/react-refresh/download/react-refresh-0.10.0.tgz#2f536c9660c0b9b1d500684d9e52a65e7404f7e3"
  integrity sha1-L1NslmDAubHVAGhNnlKmXnQE9+M=

react-transition-group@^4.4.1:
  version "4.4.1"
  resolved "https://registry.npm.taobao.org/react-transition-group/download/react-transition-group-4.4.1.tgz#63868f9325a38ea5ee9535d828327f85773345c9"
  integrity sha1-Y4aPkyWjjqXulTXYKDJ/hXczRck=
  dependencies:
    "@babel/runtime" "^7.5.5"
    dom-helpers "^5.0.1"
    loose-envify "^1.4.0"
    prop-types "^15.6.2"

react-weui@^1.2.3:
  version "1.2.3"
  resolved "https://registry.npm.taobao.org/react-weui/download/react-weui-1.2.3.tgz#f100018cbc3087d3c3f1b162070d79f22fca8598"
  integrity sha1-8QABjLwwh9PD8bFiBw158i/KhZg=
  dependencies:
    babel-runtime "^6.26.0"
    prop-types "^15.7.2"
    weui "^1.1.0"

react@^17.0.0:
  version "17.0.2"
  resolved "https://registry.npmmirror.com/react/download/react-17.0.2.tgz?cache=0&sync_timestamp=1632759393819&other_urls=https%3A%2F%2Fregistry.npmmirror.com%2Freact%2Fdownload%2Freact-17.0.2.tgz#d0b5cc516d29eb3eee383f75b62864cfb6800037"
  integrity sha1-0LXMUW0p6z7uOD91tihkz7aAADc=
  dependencies:
    loose-envify "^1.1.0"
    object-assign "^4.1.1"

regenerator-runtime@^0.11.0:
  version "0.11.1"
  resolved "https://registry.npm.taobao.org/regenerator-runtime/download/regenerator-runtime-0.11.1.tgz#be05ad7f9bf7d22e056f9726cee5017fbf19e2e9"
  integrity sha1-vgWtf5v30i4Fb5cmzuUBf78Z4uk=

regenerator-runtime@^0.13.4:
  version "0.13.7"
  resolved "https://registry.npm.taobao.org/regenerator-runtime/download/regenerator-runtime-0.13.7.tgz#cac2dacc8a1ea675feaabaeb8ae833898ae46f55"
  integrity sha1-ysLazIoepnX+qrrriugziYrkb1U=

resolve@^1.20.0:
  version "1.20.0"
  resolved "https://registry.npm.taobao.org/resolve/download/resolve-1.20.0.tgz?cache=0&sync_timestamp=1613054862388&other_urls=https%3A%2F%2Fregistry.npm.taobao.org%2Fresolve%2Fdownload%2Fresolve-1.20.0.tgz#629a013fb3f70755d6f0b7935cc1c2c5378b1975"
  integrity sha1-YpoBP7P3B1XW8LeTXMHCxTeLGXU=
  dependencies:
    is-core-module "^2.2.0"
    path-parse "^1.0.6"

rollup@^2.38.5:
  version "2.57.0"
  resolved "https://registry.nlark.com/rollup/download/rollup-2.57.0.tgz#c1694475eb22e1022477c0f4635fd0ac80713173"
  integrity sha1-wWlEdesi4QIkd8D0Y1/QrIBxMXM=
  optionalDependencies:
    fsevents "~2.3.2"

rxjs@^7.1.0:
  version "7.3.0"
  resolved "https://registry.nlark.com/rxjs/download/rxjs-7.3.0.tgz?cache=0&other_urls=https%3A%2F%2Fregistry.nlark.com%2Frxjs%2Fdownload%2Frxjs-7.3.0.tgz#39fe4f3461dc1e50be1475b2b85a0a88c1e938c6"
  integrity sha1-Of5PNGHcHlC+FHWyuFoKiMHpOMY=
  dependencies:
    tslib "~2.1.0"

safe-buffer@~5.1.1:
  version "5.1.2"
  resolved "https://registry.npm.taobao.org/safe-buffer/download/safe-buffer-5.1.2.tgz#991ec69d296e0313747d59bdfd2b745c35f8828d"
  integrity sha1-mR7GnSluAxN0fVm9/St0XDX4go0=

scheduler@^0.20.2:
  version "0.20.2"
  resolved "https://registry.npmmirror.com/scheduler/download/scheduler-0.20.2.tgz?cache=0&sync_timestamp=1632759407371&other_urls=https%3A%2F%2Fregistry.npmmirror.com%2Fscheduler%2Fdownload%2Fscheduler-0.20.2.tgz#4baee39436e34aa93b4874bddcbf0fe8b8b50e91"
  integrity sha1-S67jlDbjSqk7SHS93L8P6Li1DpE=
  dependencies:
    loose-envify "^1.1.0"
    object-assign "^4.1.1"

semver@^6.3.0:
  version "6.3.0"
  resolved "https://registry.npm.taobao.org/semver/download/semver-6.3.0.tgz?cache=0&sync_timestamp=1606851912015&other_urls=https%3A%2F%2Fregistry.npm.taobao.org%2Fsemver%2Fdownload%2Fsemver-6.3.0.tgz#ee0a64c8af5e8ceea67687b133761e1becbd1d3d"
  integrity sha1-7gpkyK9ejO6mdoexM3YeG+y9HT0=

sortablejs@~1.13.0:
  version "1.13.0"
  resolved "https://registry.nlark.com/sortablejs/download/sortablejs-1.13.0.tgz#3ab2473f8c69ca63569e80b1cd1b5669b51269e9"
  integrity sha1-OrJHP4xpymNWnoCxzRtWabUSaek=

source-map-js@^0.6.2:
  version "0.6.2"
  resolved "https://registry.npm.taobao.org/source-map-js/download/source-map-js-0.6.2.tgz#0bb5de631b41cfbda6cfba8bd05a80efdfd2385e"
  integrity sha1-C7XeYxtBz72mz7qL0FqA79/SOF4=

source-map@^0.5.0:
  version "0.5.7"
  resolved "https://registry.npm.taobao.org/source-map/download/source-map-0.5.7.tgz#8a039d2d1021d22d1ea14c80d8ea468ba2ef3fcc"
  integrity sha1-igOdLRAh0i0eoUyA2OpGi6LvP8w=

supports-color@^5.3.0:
  version "5.5.0"
  resolved "https://registry.npm.taobao.org/supports-color/download/supports-color-5.5.0.tgz#e2e69a44ac8772f78a1ec0b35b689df6530efc8f"
  integrity sha1-4uaaRKyHcveKHsCzW2id9lMO/I8=
  dependencies:
    has-flag "^3.0.0"

to-fast-properties@^2.0.0:
  version "2.0.0"
  resolved "https://registry.npm.taobao.org/to-fast-properties/download/to-fast-properties-2.0.0.tgz#dc5e698cbd079265bc73e0377681a4e4e83f616e"
  integrity sha1-3F5pjL0HkmW8c+A3doGk5Og/YW4=

tslib@^2.3.0:
  version "2.3.1"
  resolved "https://registry.nlark.com/tslib/download/tslib-2.3.1.tgz#e8a335add5ceae51aa261d32a490158ef042ef01"
  integrity sha1-6KM1rdXOrlGqJh0ypJAVjvBC7wE=

tslib@~2.1.0:
  version "2.1.0"
  resolved "https://registry.nlark.com/tslib/download/tslib-2.1.0.tgz#da60860f1c2ecaa5703ab7d39bc05b6bf988b97a"
  integrity sha1-2mCGDxwuyqVwOrfTm8Bba/mIuXo=

typescript@^4.9.4:
  version "4.9.4"
  resolved "https://registry.npmmirror.com/typescript/-/typescript-4.9.4.tgz#a2a3d2756c079abda241d75f149df9d561091e78"
  integrity sha512-Uz+dTXYzxXXbsFpM86Wh3dKCxrQqUcVMxwU54orwlJjOpO3ao8L7j5lH+dWfTwgCwIuM9GQ2kvVotzYJMXTBZg==

utility-types@^3.4.1:
  version "3.10.0"
  resolved "https://registry.npm.taobao.org/utility-types/download/utility-types-3.10.0.tgz#ea4148f9a741015f05ed74fd615e1d20e6bed82b"
  integrity sha1-6kFI+adBAV8F7XT9YV4dIOa+2Cs=

vite@^2.5.4:
  version "2.5.10"
  resolved "https://registry.npmmirror.com/vite/download/vite-2.5.10.tgz#c598e3b5a7e1956ffc52eb3b3420d177fc2ed2a5"
  integrity sha1-xZjjtafhlW/8Uus7NCDRd/wu0qU=
  dependencies:
    esbuild "^0.12.17"
    postcss "^8.3.6"
    resolve "^1.20.0"
    rollup "^2.38.5"
  optionalDependencies:
    fsevents "~2.3.2"

warning@^4.0.3:
  version "4.0.3"
  resolved "https://registry.npm.taobao.org/warning/download/warning-4.0.3.tgz#16e9e077eb8a86d6af7d64aa1e05fd85b4678ca3"
  integrity sha1-Fungd+uKhtavfWSqHgX9hbRnjKM=
  dependencies:
    loose-envify "^1.0.0"

weui@^1.1.0:
  version "1.1.3"
  resolved "https://registry.npm.taobao.org/weui/download/weui-1.1.3.tgz#0f0899bb61bb2ec603b2648367a8139298f81514"
  integrity sha1-DwiZu2G7LsYDsmSDZ6gTkpj4FRQ=

zent@^10.0.5:
  version "10.0.5"
  resolved "https://registry.npmmirror.com/zent/-/zent-10.0.5.tgz#f8f16407883462c4e3314bbe260ef10961a2fb88"
  integrity sha512-94cEbNbvr+1wldiEIb+mYzjf3xf6PlGSE2f4K5GB9FnalGE/XVKrWKdyTZvTTXoW+jTUUEAaEljmuXIhUJET5Q==
  dependencies:
    "@types/sortablejs" "~1.10.6"
    big.js "^6.1.1"
    classnames "^2.2.6"
    date-fns "^2.7.0"
    observable-hooks "^4.1.0"
    react-is "^17.0.1"
    react-transition-group "^4.4.1"
    rxjs "^7.1.0"
    sortablejs "~1.13.0"
    tslib "^2.3.0"
    utility-types "^3.4.1"
    warning "^4.0.3"
    zenticons "3.7.4"
  optionalDependencies:
    "@types/react" "^17.0.0"
    "@types/react-dom" "^17.0.0"

zenticons@3.7.4:
  version "3.7.4"
  resolved "https://registry.npmmirror.com/zenticons/-/zenticons-3.7.4.tgz#90eaf8b20efb3d39100dfb311399424801c93db7"
  integrity sha512-IJw0vS3F/MKdT+ueiupr6jPfQoDpf2p3Ia+F1+IOa/Z0AtTT/uqkAm/xKZoVUYOmL/BObMbYA1tUQULx2Rpa3w==
